// !$*UTF8*$!
{
	archiveVersion = 1;
	classes = {
	};
	objectVersion = 46;
	objects = {

/* Begin PBXBuildFile section */
		9D6555971C990CE000694041 /* main.m in Sources */ = {isa = PBXBuildFile; fileRef = 9D6555961C990CE000694041 /* main.m */; };
		9D65559A1C990CE000694041 /* AppDelegate.m in Sources */ = {isa = PBXBuildFile; fileRef = 9D6555991C990CE000694041 /* AppDelegate.m */; };
		9D65559D1C990CE000694041 /* ViewController.m in Sources */ = {isa = PBXBuildFile; fileRef = 9D65559C1C990CE000694041 /* ViewController.m */; };
		9D6555A01C990CE000694041 /* Main.storyboard in Resources */ = {isa = PBXBuildFile; fileRef = 9D65559E1C990CE000694041 /* Main.storyboard */; };
		9D6555B01C990CE000694041 /* WaterWaveDomeTests.m in Sources */ = {isa = PBXBuildFile; fileRef = 9D6555AF1C990CE000694041 /* WaterWaveDomeTests.m */; };
		9D6555BB1C990CE000694041 /* WaterWaveDomeUITests.m in Sources */ = {isa = PBXBuildFile; fileRef = 9D6555BA1C990CE000694041 /* WaterWaveDomeUITests.m */; };
		9D6555CA1C990D2100694041 /* WaterWaveView.m in Sources */ = {isa = PBXBuildFile; fileRef = 9D6555C91C990D2100694041 /* WaterWaveView.m */; };
/* End PBXBuildFile section */

/* Begin PBXContainerItemProxy section */
		9D6555AC1C990CE000694041 /* PBXContainerItemProxy */ = {
			isa = PBXContainerItemProxy;
			containerPortal = 9D65558A1C990CE000694041 /* Project object */;
			proxyType = 1;
			remoteGlobalIDString = 9D6555911C990CE000694041;
			remoteInfo = WaterWaveDome;
		};
		9D6555B71C990CE000694041 /* PBXContainerItemProxy */ = {
			isa = PBXContainerItemProxy;
			containerPortal = 9D65558A1C990CE000694041 /* Project object */;
			proxyType = 1;
			remoteGlobalIDString = 9D6555911C990CE000694041;
			remoteInfo = WaterWaveDome;
		};
/* End PBXContainerItemProxy section */

/* Begin PBXFileReference section */
		9D6555921C990CE000694041 /* WaterWaveDome.app */ = {isa = PBXFileReference; explicitFileType = wrapper.application; includeInIndex = 0; path = WaterWaveDome.app; sourceTree = BUILT_PRODUCTS_DIR; };
		9D6555961C990CE000694041 /* main.m */ = {isa = PBXFileReference; lastKnownFileType = sourcecode.c.objc; path = main.m; sourceTree = "<group>"; };
		9D6555981C990CE000694041 /* AppDelegate.h */ = {isa = PBXFileReference; lastKnownFileType = sourcecode.c.h; path = AppDelegate.h; sourceTree = "<group>"; };
		9D6555991C990CE000694041 /* AppDelegate.m */ = {isa = PBXFileReference; lastKnownFileType = sourcecode.c.objc; path = AppDelegate.m; sourceTree = "<group>"; };
		9D65559B1C990CE000694041 /* ViewController.h */ = {isa = PBXFileReference; lastKnownFileType = sourcecode.c.h; path = ViewController.h; sourceTree = "<group>"; };
		9D65559C1C990CE000694041 /* ViewController.m */ = {isa = PBXFileReference; lastKnownFileType = sourcecode.c.objc; path = ViewController.m; sourceTree = "<group>"; };
		9D65559F1C990CE000694041 /* Base */ = {isa = PBXFileReference; lastKnownFileType = file.storyboard; name = Base; path = Base.lproj/Main.storyboard; sourceTree = "<group>"; };
		9D6555A61C990CE000694041 /* Info.plist */ = {isa = PBXFileReference; lastKnownFileType = text.plist.xml; path = Info.plist; sourceTree = "<group>"; };
		9D6555AB1C990CE000694041 /* WaterWaveDomeTests.xctest */ = {isa = PBXFileReference; explicitFileType = wrapper.cfbundle; includeInIndex = 0; path = WaterWaveDomeTests.xctest; sourceTree = BUILT_PRODUCTS_DIR; };
		9D6555AF1C990CE000694041 /* WaterWaveDomeTests.m */ = {isa = PBXFileReference; lastKnownFileType = sourcecode.c.objc; path = WaterWaveDomeTests.m; sourceTree = "<group>"; };
		9D6555B11C990CE000694041 /* Info.plist */ = {isa = PBXFileReference; lastKnownFileType = text.plist.xml; path = Info.plist; sourceTree = "<group>"; };
		9D6555B61C990CE000694041 /* WaterWaveDomeUITests.xctest */ = {isa = PBXFileReference; explicitFileType = wrapper.cfbundle; includeInIndex = 0; path = WaterWaveDomeUITests.xctest; sourceTree = BUILT_PRODUCTS_DIR; };
		9D6555BA1C990CE000694041 /* WaterWaveDomeUITests.m */ = {isa = PBXFileReference; lastKnownFileType = sourcecode.c.objc; path = WaterWaveDomeUITests.m; sourceTree = "<group>"; };
		9D6555BC1C990CE000694041 /* Info.plist */ = {isa = PBXFileReference; lastKnownFileType = text.plist.xml; path = Info.plist; sourceTree = "<group>"; };
		9D6555C81C990D2100694041 /* WaterWaveView.h */ = {isa = PBXFileReference; fileEncoding = 4; lastKnownFileType = sourcecode.c.h; path = WaterWaveView.h; sourceTree = "<group>"; };
		9D6555C91C990D2100694041 /* WaterWaveView.m */ = {isa = PBXFileReference; fileEncoding = 4; lastKnownFileType = sourcecode.c.objc; path = WaterWaveView.m; sourceTree = "<group>"; };
/* End PBXFileReference section */

/* Begin PBXFrameworksBuildPhase section */
		9D65558F1C990CE000694041 /* Frameworks */ = {
			isa = PBXFrameworksBuildPhase;
			buildActionMask = 2147483647;
			files = (
			);
			runOnlyForDeploymentPostprocessing = 0;
		};
		9D6555A81C990CE000694041 /* Frameworks */ = {
			isa = PBXFrameworksBuildPhase;
			buildActionMask = 2147483647;
			files = (
			);
			runOnlyForDeploymentPostprocessing = 0;
		};
		9D6555B31C990CE000694041 /* Frameworks */ = {
			isa = PBXFrameworksBuildPhase;
			buildActionMask = 2147483647;
			files = (
			);
			runOnlyForDeploymentPostprocessing = 0;
		};
/* End PBXFrameworksBuildPhase section */

/* Begin PBXGroup section */
		9D6555891C990CE000694041 = {
			isa = PBXGroup;
			children = (
				9D6555941C990CE000694041 /* WaterWaveDome */,
				9D6555AE1C990CE000694041 /* WaterWaveDomeTests */,
				9D6555B91C990CE000694041 /* WaterWaveDomeUITests */,
				9D6555931C990CE000694041 /* Products */,
			);
			sourceTree = "<group>";
		};
		9D6555931C990CE000694041 /* Products */ = {
			isa = PBXGroup;
			children = (
				9D6555921C990CE000694041 /* WaterWaveDome.app */,
				9D6555AB1C990CE000694041 /* WaterWaveDomeTests.xctest */,
				9D6555B61C990CE000694041 /* WaterWaveDomeUITests.xctest */,
			);
			name = Products;
			sourceTree = "<group>";
		};
		9D6555941C990CE000694041 /* WaterWaveDome */ = {
			isa = PBXGroup;
			children = (
				9D6555981C990CE000694041 /* AppDelegate.h */,
				9D6555991C990CE000694041 /* AppDelegate.m */,
				9D65559B1C990CE000694041 /* ViewController.h */,
				9D65559C1C990CE000694041 /* ViewController.m */,
				9D6555C81C990D2100694041 /* WaterWaveView.h */,
				9D6555C91C990D2100694041 /* WaterWaveView.m */,
				9D65559E1C990CE000694041 /* Main.storyboard */,
				9D6555A61C990CE000694041 /* Info.plist */,
				9D6555951C990CE000694041 /* Supporting Files */,
			);
			path = WaterWaveDome;
			sourceTree = "<group>";
		};
		9D6555951C990CE000694041 /* Supporting Files */ = {
			isa = PBXGroup;
			children = (
				9D6555961C990CE000694041 /* main.m */,
			);
			name = "Supporting Files";
			sourceTree = "<group>";
		};
		9D6555AE1C990CE000694041 /* WaterWaveDomeTests */ = {
			isa = PBXGroup;
			children = (
				9D6555AF1C990CE000694041 /* WaterWaveDomeTests.m */,
				9D6555B11C990CE000694041 /* Info.plist */,
			);
			path = WaterWaveDomeTests;
			sourceTree = "<group>";
		};
		9D6555B91C990CE000694041 /* WaterWaveDomeUITests */ = {
			isa = PBXGroup;
			children = (
				9D6555BA1C990CE000694041 /* WaterWaveDomeUITests.m */,
				9D6555BC1C990CE000694041 /* Info.plist */,
			);
			path = WaterWaveDomeUITests;
			sourceTree = "<group>";
		};
/* End PBXGroup section */

/* Begin PBXNativeTarget section */
		9D6555911C990CE000694041 /* WaterWaveDome */ = {
			isa = PBXNativeTarget;
			buildConfigurationList = 9D6555BF1C990CE000694041 /* Build configuration list for PBXNativeTarget "WaterWaveDome" */;
			buildPhases = (
				9D65558E1C990CE000694041 /* Sources */,
				9D65558F1C990CE000694041 /* Frameworks */,
				9D6555901C990CE000694041 /* Resources */,
			);
			buildRules = (
			);
			dependencies = (
			);
			name = WaterWaveDome;
			productName = WaterWaveDome;
			productReference = 9D6555921C990CE000694041 /* WaterWaveDome.app */;
			productType = "com.apple.product-type.application";
		};
		9D6555AA1C990CE000694041 /* WaterWaveDomeTests */ = {
			isa = PBXNativeTarget;
			buildConfigurationList = 9D6555C21C990CE000694041 /* Build configuration list for PBXNativeTarget "WaterWaveDomeTests" */;
			buildPhases = (
				9D6555A71C990CE000694041 /* Sources */,
				9D6555A81C990CE000694041 /* Frameworks */,
				9D6555A91C990CE000694041 /* Resources */,
			);
			buildRules = (
			);
			dependencies = (
				9D6555AD1C990CE000694041 /* PBXTargetDependency */,
			);
			name = WaterWaveDomeTests;
			productName = WaterWaveDomeTests;
			productReference = 9D6555AB1C990CE000694041 /* WaterWaveDomeTests.xctest */;
			productType = "com.apple.product-type.bundle.unit-test";
		};
		9D6555B51C990CE000694041 /* WaterWaveDomeUITests */ = {
			isa = PBXNativeTarget;
			buildConfigurationList = 9D6555C51C990CE000694041 /* Build configuration list for PBXNativeTarget "WaterWaveDomeUITests" */;
			buildPhases = (
				9D6555B21C990CE000694041 /* Sources */,
				9D6555B31C990CE000694041 /* Frameworks */,
				9D6555B41C990CE000694041 /* Resources */,
			);
			buildRules = (
			);
			dependencies = (
				9D6555B81C990CE000694041 /* PBXTargetDependency */,
			);
			name = WaterWaveDomeUITests;
			productName = WaterWaveDomeUITests;
			productReference = 9D6555B61C990CE000694041 /* WaterWaveDomeUITests.xctest */;
			productType = "com.apple.product-type.bundle.ui-testing";
		};
/* End PBXNativeTarget section */

/* Begin PBXProject section */
		9D65558A1C990CE000694041 /* Project object */ = {
			isa = PBXProject;
			attributes = {
				LastUpgradeCheck = 0720;
				ORGANIZATIONNAME = YM;
				TargetAttributes = {
					9D6555911C990CE000694041 = {
						CreatedOnToolsVersion = 7.2;
					};
					9D6555AA1C990CE000694041 = {
						CreatedOnToolsVersion = 7.2;
						TestTargetID = 9D6555911C990CE000694041;
					};
					9D6555B51C990CE000694041 = {
						CreatedOnToolsVersion = 7.2;
						TestTargetID = 9D6555911C990CE000694041;
					};
				};
			};
			buildConfigurationList = 9D65558D1C990CE000694041 /* Build configuration list for PBXProject "WaterWaveDome" */;
			compatibilityVersion = "Xcode 3.2";
			developmentRegion = English;
			hasScannedForEncodings = 0;
			knownRegions = (
				en,
				Base,
			);
			mainGroup = 9D6555891C990CE000694041;
			productRefGroup = 9D6555931C990CE000694041 /* Products */;
			projectDirPath = "";
			projectRoot = "";
			targets = (
				9D6555911C990CE000694041 /* WaterWaveDome */,
				9D6555AA1C990CE000694041 /* WaterWaveDomeTests */,
				9D6555B51C990CE000694041 /* WaterWaveDomeUITests */,
			);
		};
/* End PBXProject section */

/* Begin PBXResourcesBuildPhase section */
		9D6555901C990CE000694041 /* Resources */ = {
			isa = PBXResourcesBuildPhase;
			buildActionMask = 2147483647;
			files = (
				9D6555A01C990CE000694041 /* Main.storyboard in Resources */,
			);
			runOnlyForDeploymentPostprocessing = 0;
		};
		9D6555A91C990CE000694041 /* Resources */ = {
			isa = PBXResourcesBuildPhase;
			buildActionMask = 2147483647;
			files = (
			);
			runOnlyForDeploymentPostprocessing = 0;
		};
		9D6555B41C990CE000694041 /* Resources */ = {
			isa = PBXResourcesBuildPhase;
			buildActionMask = 2147483647;
			files = (
			);
			runOnlyForDeploymentPostprocessing = 0;
		};
/* End PBXResourcesBuildPhase section */

/* Begin PBXSourcesBuildPhase section */
		9D65558E1C990CE000694041 /* Sources */ = {
			isa = PBXSourcesBuildPhase;
			buildActionMask = 2147483647;
			files = (
				9D65559D1C990CE000694041 /* ViewController.m in Sources */,
				9D65559A1C990CE000694041 /* AppDelegate.m in Sources */,
				9D6555971C990CE000694041 /* main.m in Sources */,
				9D6555CA1C990D2100694041 /* WaterWaveView.m in Sources */,
			);
			runOnlyForDeploymentPostprocessing = 0;
		};
		9D6555A71C990CE000694041 /* Sources */ = {
			isa = PBXSourcesBuildPhase;
			buildActionMask = 2147483647;
			files = (
				9D6555B01C990CE000694041 /* WaterWaveDomeTests.m in Sources */,
			);
			runOnlyForDeploymentPostprocessing = 0;
		};
		9D6555B21C990CE000694041 /* Sources */ = {
			isa = PBXSourcesBuildPhase;
			buildActionMask = 2147483647;
			files = (
				9D6555BB1C990CE000694041 /* WaterWaveDomeUITests.m in Sources */,
			);
			runOnlyForDeploymentPostprocessing = 0;
		};
/* End PBXSourcesBuildPhase section */

/* Begin PBXTargetDependency section */
		9D6555AD1C990CE000694041 /* PBXTargetDependency */ = {
			isa = PBXTargetDependency;
			target = 9D6555911C990CE000694041 /* WaterWaveDome */;
			targetProxy = 9D6555AC1C990CE000694041 /* PBXContainerItemProxy */;
		};
		9D6555B81C990CE000694041 /* PBXTargetDependency */ = {
			isa = PBXTargetDependency;
			target = 9D6555911C990CE000694041 /* WaterWaveDome */;
			targetProxy = 9D6555B71C990CE000694041 /* PBXContainerItemProxy */;
		};
/* End PBXTargetDependency section */

/* Begin PBXVariantGroup section */
		9D65559E1C990CE000694041 /* Main.storyboard */ = {
			isa = PBXVariantGroup;
			children = (
				9D65559F1C990CE000694041 /* Base */,
			);
			name = Main.storyboard;
			sourceTree = "<group>";
		};
/* End PBXVariantGroup section */

/* Begin XCBuildConfiguration section */
		9D6555BD1C990CE000694041 /* Debug */ = {
			isa = XCBuildConfiguration;
			buildSettings = {
				ALWAYS_SEARCH_USER_PATHS = NO;
				CLANG_CXX_LANGUAGE_STANDARD = "gnu++0x";
				CLANG_CXX_LIBRARY = "libc++";
				CLANG_ENABLE_MODULES = YES;
				CLANG_ENABLE_OBJC_ARC = YES;
				CLANG_WARN_BOOL_CONVERSION = YES;
				CLANG_WARN_CONSTANT_CONVERSION = YES;
				CLANG_WARN_DIRECT_OBJC_ISA_USAGE = YES_ERROR;
				CLANG_WARN_EMPTY_BODY = YES;
				CLANG_WARN_ENUM_CONVERSION = YES;
				CLANG_WARN_INT_CONVERSION = YES;
				CLANG_WARN_OBJC_ROOT_CLASS = YES_ERROR;
				CLANG_WARN_UNREACHABLE_CODE = YES;
				CLANG_WARN__DUPLICATE_METHOD_MATCH = YES;
				"CODE_SIGN_IDENTITY[sdk=iphoneos*]" = "iPhone Developer";
				COPY_PHASE_STRIP = NO;
				DEBUG_INFORMATION_FORMAT = dwarf;
				ENABLE_STRICT_OBJC_MSGSEND = YES;
				ENABLE_TESTABILITY = YES;
				GCC_C_LANGUAGE_STANDARD = gnu99;
				GCC_DYNAMIC_NO_PIC = NO;
				GCC_NO_COMMON_BLOCKS = YES;
				GCC_OPTIMIZATION_LEVEL = 0;
				GCC_PREPROCESSOR_DEFINITIONS = (
					"DEBUG=1",
					"$(inherited)",
				);
				GCC_WARN_64_TO_32_BIT_CONVERSION = YES;
				GCC_WARN_ABOUT_RETURN_TYPE = YES_ERROR;
				GCC_WARN_UNDECLARED_SELECTOR = YES;
				GCC_WARN_UNINITIALIZED_AUTOS = YES_AGGRESSIVE;
				GCC_WARN_UNUSED_FUNCTION = YES;
				GCC_WARN_UNUSED_VARIABLE = YES;
				IPHONEOS_DEPLOYMENT_TARGET = 9.2;
				MTL_ENABLE_DEBUG_INFO = YES;
				ONLY_ACTIVE_ARCH = YES;
				SDKROOT = iphoneos;
				TARGETED_DEVICE_FAMILY = "1,2";
			};
			name = Debug;
		};
		9D6555BE1C990CE000694041 /* Release */ = {
			isa = XCBuildConfiguration;
			buildSettings = {
				ALWAYS_SEARCH_USER_PATHS = NO;
				CLANG_CXX_LANGUAGE_STANDARD = "gnu++0x";
				CLANG_CXX_LIBRARY = "libc++";
				CLANG_ENABLE_MODULES = YES;
				CLANG_ENABLE_OBJC_ARC = YES;
				CLANG_WARN_BOOL_CONVERSION = YES;
				CLANG_WARN_CONSTANT_CONVERSION = YES;
				CLANG_WARN_DIRECT_OBJC_ISA_USAGE = YES_ERROR;
				CLANG_WARN_EMPTY_BODY = YES;
				CLANG_WARN_ENUM_CONVERSION = YES;
				CLANG_WARN_INT_CONVERSION = YES;
				CLANG_WARN_OBJC_ROOT_CLASS = YES_ERROR;
				CLANG_WARN_UNREACHABLE_CODE = YES;
				CLANG_WARN__DUPLICATE_METHOD_MATCH = YES;
				"CODE_SIGN_IDENTITY[sdk=iphoneos*]" = "iPhone Developer";
				COPY_PHASE_STRIP = NO;
				DEBUG_INFORMATION_FORMAT = "dwarf-with-dsym";
				ENABLE_NS_ASSERTIONS = NO;
				ENABLE_STRICT_OBJC_MSGSEND = YES;
				GCC_C_LANGUAGE_STANDARD = gnu99;
				GCC_NO_COMMON_BLOCKS = YES;
				GCC_WARN_64_TO_32_BIT_CONVERSION = YES;
				GCC_WARN_ABOUT_RETURN_TYPE = YES_ERROR;
				GCC_WARN_UNDECLARED_SELECTOR = YES;
				GCC_WARN_UNINITIALIZED_AUTOS = YES_AGGRESSIVE;
				GCC_WARN_UNUSED_FUNCTION = YES;
				GCC_WARN_UNUSED_VARIABLE = YES;
				IPHONEOS_DEPLOYMENT_TARGET = 9.2;
				MTL_ENABLE_DEBUG_INFO = NO;
				SDKROOT = iphoneos;
				TARGETED_DEVICE_FAMILY = "1,2";
				VALIDATE_PRODUCT = YES;
			};
			name = Release;
		};
		9D6555C01C990CE000694041 /* Debug */ = {
			isa = XCBuildConfiguration;
			buildSettings = {
				ASSETCATALOG_COMPILER_APPICON_NAME = AppIcon;
				INFOPLIST_FILE = WaterWaveDome/Info.plist;
				LD_RUNPATH_SEARCH_PATHS = "$(inherited) @executable_path/Frameworks";
				PRODUCT_BUNDLE_IDENTIFIER = YM.WaterWaveDome;
				PRODUCT_NAME = "$(TARGET_NAME)";
			};
			name = Debug;
		};
		9D6555C11C990CE000694041 /* Release */ = {
			isa = XCBuildConfiguration;
			buildSettings = {
				ASSETCATALOG_COMPILER_APPICON_NAME = AppIcon;
				INFOPLIST_FILE = WaterWaveDome/Info.plist;
				LD_RUNPATH_SEARCH_PATHS = "$(inherited) @executable_path/Frameworks";
				PRODUCT_BUNDLE_IDENTIFIER = YM.WaterWaveDome;
				PRODUCT_NAME = "$(TARGET_NAME)";
			};
			name = Release;
		};
		9D6555C31C990CE000694041 /* Debug */ = {
			isa = XCBuildConfiguration;
			buildSettings = {
				BUNDLE_LOADER = "$(TEST_HOST)";
				INFOPLIST_FILE = WaterWaveDomeTests/Info.plist;
				LD_RUNPATH_SEARCH_PATHS = "$(inherited) @executable_path/Frameworks @loader_path/Frameworks";
				PRODUCT_BUNDLE_IDENTIFIER = YM.WaterWaveDomeTests;
				PRODUCT_NAME = "$(TARGET_NAME)";
				TEST_HOST = "$(BUILT_PRODUCTS_DIR)/WaterWaveDome.app/WaterWaveDome";
			};
			name = Debug;
		};
		9D6555C41C990CE000694041 /* Release */ = {
			isa = XCBuildConfiguration;
			buildSettings = {
				BUNDLE_LOADER = "$(TEST_HOST)";
				INFOPLIST_FILE = WaterWaveDomeTests/Info.plist;
				LD_RUNPATH_SEARCH_PATHS = "$(inherited) @executable_path/Frameworks @loader_path/Frameworks";
				PRODUCT_BUNDLE_IDENTIFIER = YM.WaterWaveDomeTests;
				PRODUCT_NAME = "$(TARGET_NAME)";
				TEST_HOST = "$(BUILT_PRODUCTS_DIR)/WaterWaveDome.app/WaterWaveDome";
			};
			name = Release;
		};
		9D6555C61C990CE000694041 /* Debug */ = {
			isa = XCBuildConfiguration;
			buildSettings = {
				INFOPLIST_FILE = WaterWaveDomeUITests/Info.plist;
				LD_RUNPATH_SEARCH_PATHS = "$(inherited) @executable_path/Frameworks @loader_path/Frameworks";
				PRODUCT_BUNDLE_IDENTIFIER = YM.WaterWaveDomeUITests;
				PRODUCT_NAME = "$(TARGET_NAME)";
				TEST_TARGET_NAME = WaterWaveDome;
				USES_XCTRUNNER = YES;
			};
			name = Debug;
		};
		9D6555C71C990CE000694041 /* Release */ = {
			isa = XCBuildConfiguration;
			buildSettings = {
				INFOPLIST_FILE = WaterWaveDomeUITests/Info.plist;
				LD_RUNPATH_SEARCH_PATHS = "$(inherited) @executable_path/Frameworks @loader_path/Frameworks";
				PRODUCT_BUNDLE_IDENTIFIER = YM.WaterWaveDomeUITests;
				PRODUCT_NAME = "$(TARGET_NAME)";
				TEST_TARGET_NAME = WaterWaveDome;
				USES_XCTRUNNER = YES;
			};
			name = Release;
		};
/* End XCBuildConfiguration section */

/* Begin XCConfigurationList section */
		9D65558D1C990CE000694041 /* Build configuration list for PBXProject "WaterWaveDome" */ = {
			isa = XCConfigurationList;
			buildConfigurations = (
				9D6555BD1C990CE000694041 /* Debug */,
				9D6555BE1C990CE000694041 /* Release */,
			);
			defaultConfigurationIsVisible = 0;
			defaultConfigurationName = Release;
		};
		9D6555BF1C990CE000694041 /* Build configuration list for PBXNativeTarget "WaterWaveDome" */ = {
			isa = XCConfigurationList;
			buildConfigurations = (
				9D6555C01C990CE000694041 /* Debug */,
				9D6555C11C990CE000694041 /* Release */,
			);
			defaultConfigurationIsVisible = 0;
			defaultConfigurationName = Release;
		};
		9D6555C21C990CE000694041 /* Build configuration list for PBXNativeTarget "WaterWaveDomeTests" */ = {
			isa = XCConfigurationList;
			buildConfigurations = (
				9D6555C31C990CE000694041 /* Debug */,
				9D6555C41C990CE000694041 /* Release */,
			);
			defaultConfigurationIsVisible = 0;
			defaultConfigurationName = Release;
		};
		9D6555C51C990CE000694041 /* Build configuration list for PBXNativeTarget "WaterWaveDomeUITests" */ = {
			isa = XCConfigurationList;
			buildConfigurations = (
				9D6555C61C990CE000694041 /* Debug */,
				9D6555C71C990CE000694041 /* Release */,
			);
			defaultConfigurationIsVisible = 0;
			defaultConfigurationName = Release;
		};
/* End XCConfigurationList section */
	};
	rootObject = 9D65558A1C990CE000694041 /* Project object */;
}
